
Microsoft Visual Studio Solution File, Format Version 12.00
# Visual Studio 15
Project("{FAE04EC0-301F-11D3-BF4B-00C04F79EFBC}") = "MVC-APP", "MVC-APP\MVC-APP.csproj", "{64739290-8057-4BBE-BD6F-D80CBEE1A1FF}"
EndProject
Global
	GlobalSection(SolutionConfigurationPlatforms) = preSolution
		Debug|Any CPU = Debug|Any CPU
		Release|Any CPU = Release|Any CPU
	EndGlobalSection
	GlobalSection(ProjectConfigurationPlatforms) = postSolution
		{64739290-8057-4BBE-BD6F-D80CBEE1A1FF}.Debug|Any CPU.ActiveCfg = Debug|Any CPU
		{64739290-8057-4BBE-BD6F-D80CBEE1A1FF}.Debug|Any CPU.Build.0 = Debug|Any CPU
		{64739290-8057-4BBE-BD6F-D80CBEE1A1FF}.Release|Any CPU.ActiveCfg = Release|Any CPU
		{64739290-8057-4BBE-BD6F-D80CBEE1A1FF}.Release|Any CPU.Build.0 = Release|Any CPU
	EndGlobalSection
EndGlobal
